# THIS IS AN AUTOGENERATED FILE. DO NOT EDIT THIS FILE DIRECTLY.
# yarn lockfile v1


"@arr/every@^1.0.0":
  version "1.0.1"
  resolved "https://registry.npmjs.org/@arr/every/-/every-1.0.1.tgz#22fe1f8e6355beca6c7c7bde965eb15cf994387b"
  integrity sha512-UQFQ6SgyJ6LX42W8rHCs8KVc0JS0tzVL9ct4XYedJukskYVWTo49tNiMEK9C2HTyarbNiT/RVIRSY82vH+6sTg==

"@exodus/schemasafe@^1.0.0-rc.6":
  version "1.0.0-rc.6"
  resolved "https://registry.npmjs.org/@exodus/schemasafe/-/schemasafe-1.0.0-rc.6.tgz#7985f681564cff4ffaebb5896eb4be20af3aae7a"
  integrity sha512-dDnQizD94EdBwEj/fh3zPRa/HWCS9O5au2PuHhZBbuM3xWHxuaKzPBOEWze7Nn0xW68MIpZ7Xdyn1CoCpjKCuQ==

"@polka/url@^0.5.0":
  version "0.5.0"
  resolved "https://registry.npmjs.org/@polka/url/-/url-0.5.0.tgz#b21510597fd601e5d7c95008b76bf0d254ebfd31"
  integrity sha512-oZLYFEAzUKyi3SKnXvj32ZCEGH6RDnao7COuCVhDydMS9NrCSVXhM79VaKyP5+Zc33m0QXEd2DN3UkU7OsHcfw==

asynckit@^0.4.0:
  version "0.4.0"
  resolved "https://registry.npmjs.org/asynckit/-/asynckit-0.4.0.tgz#c79ed97f7f34cb8f2ba1bc9790bcc366474b4b79"
  integrity sha1-x57Zf380y48robyXkLzDZkdLS3k=

centra@^2.4.2:
  version "2.5.0"
  resolved "https://registry.npmjs.org/centra/-/centra-2.5.0.tgz#854c30f9a3ff50da49fa69a8cb441aa25aa1e8e8"
  integrity sha512-CnSF1HD8vOOgNbE4P2fZEhdhfAohvpcF3DSdSvEcSHDAZvr+Xfw73isT8SXJJc3VMBqSwjXhr29/ikHUgFcypg==

combined-stream@^1.0.8:
  version "1.0.8"
  resolved "https://registry.npmjs.org/combined-stream/-/combined-stream-1.0.8.tgz#c3d45a8b34fd730631a110a8a2520682b31d5a7f"
  integrity sha512-FQN4MRfuJeHf7cBbBMJFXhKSDq+2kAArBlmRBvcvFE5BB1HZKXtSFASDhdlz9zOYwxh8lDdnvmMOe/+5cdoEdg==
  dependencies:
    delayed-stream "~1.0.0"

deep-override@^1.0.2:
  version "1.0.2"
  resolved "https://registry.npmjs.org/deep-override/-/deep-override-1.0.2.tgz#82a98ff187a33d2e146a927450773a8aaac2c716"
  integrity sha512-+bAuLuYqaVVUWPaq8rmU8NLTX85p4I5k5/cVdhBioEfH7k+5NlGdv4NoJVQcJRByqzzTWWzTpih+pU1wBTmMow==

delayed-stream@~1.0.0:
  version "1.0.0"
  resolved "https://registry.npmjs.org/delayed-stream/-/delayed-stream-1.0.0.tgz#df3ae199acadfb7d440aaae0b29e2272b24ec619"
  integrity sha1-3zrhmayt+31ECqrgsp4icrJOxhk=

form-data-lite@^1.0.2:
  version "1.0.2"
  resolved "https://registry.npmjs.org/form-data-lite/-/form-data-lite-1.0.2.tgz#93b33b4652f073bca200bf9eec89065e795a4089"
  integrity sha512-P0Ohn4DNGUIm3gTriMxMSeeR74Q2m25ZGPduSEpEMWN+q7SL2HYHGyuk/B5U61Wb04vtWDTUIYEDafhJ9PGwJg==
  dependencies:
    asynckit "^0.4.0"
    combined-stream "^1.0.8"
    mime-lite "^1.0.2"

json-query@^2.2.2:
  version "2.2.2"
  resolved "https://registry.npmjs.org/json-query/-/json-query-2.2.2.tgz#b6558b8a3794ccd217926aa38024324b77b48ab1"
  integrity sha1-tlWLijeUzNIXkmqjgCQyS3e0irE=

klona@^2.0.4, klona@^2.0.5:
  version "2.0.5"
  resolved "https://registry.npmjs.org/klona/-/klona-2.0.5.tgz#d166574d90076395d9963aa7a928fabb8d76afbc"
  integrity sha512-pJiBpiXMbt7dkzXe8Ghj/u4FfXOOa98fPW+bihOJ4SjnoijweJrNThJfd3ifXpXhREjpoF2mZVH1GfS9LV3kHQ==

lightcookie@^1.0.25:
  version "1.0.25"
  resolved "https://registry.npmjs.org/lightcookie/-/lightcookie-1.0.25.tgz#7905eca0ed3fe6d4a3e18a1102f7d074116b785e"
  integrity sha512-SrY/+eBPaKAMnsn7mCsoOMZzoQyCyHHHZlFCu2fjo28XxSyCLjlooKiTxyrXTg8NPaHp1YzWi0lcGG1gDi6KHw==

matchit@^1.0.0:
  version "1.1.0"
  resolved "https://registry.npmjs.org/matchit/-/matchit-1.1.0.tgz#c4ccf17d9c824cc1301edbcffde9b75a61d10a7c"
  integrity sha512-+nGYoOlfHmxe5BW5tE0EMJppXEwdSf8uBA1GTZC7Q77kbT35+VKLYJMzVNWCHSsga1ps1tPYFtFyvxvKzWVmMA==
  dependencies:
    "@arr/every" "^1.0.0"

mime-lite@^1.0.2:
  version "1.0.2"
  resolved "https://registry.npmjs.org/mime-lite/-/mime-lite-1.0.2.tgz#c695a455377faf2eacb8a3f716e75f1711c89175"
  integrity sha512-HkTeRkg8B7nSw+ScQFPXBPtk6sKHVUj/HL9dvvgWRe2NZODrNTAIp5ni84oWb9jZBggheZDgYL9Fz0b29Q9a5A==

openapi-fuzzer-core@^1.0.6:
  version "1.0.6"
  resolved "https://registry.npmjs.org/openapi-fuzzer-core/-/openapi-fuzzer-core-1.0.6.tgz#f6784ade65b854d923f8e0bf0eed7ac6d948ef7c"
  integrity sha512-FJNJIfgUFuv4NmVGq9MYdoKra2GrkDy2uhIjE2YGlw30UA1glf4SXLMhI4UwdcJ8jisKdIxi7lXrfej8GvNW5w==
  dependencies:
    klona "^2.0.4"

pactum-matchers@^1.1.0:
  version "1.1.0"
  resolved "https://registry.npmjs.org/pactum-matchers/-/pactum-matchers-1.1.0.tgz#cd841947b7920da7bf3366d814e5474a27aaa159"
  integrity sha512-3yeLEqLk8Kk5NqFLCuuGZcbeJUZNVjSOm46+/Y27Wo/Xe4ymySJ2D7R/aE/q+8uBwtanqw1x5RRP+XR8Mcm1Gw==

pactum@^3.1.4:
  version "3.1.4"
  resolved "https://registry.npmjs.org/pactum/-/pactum-3.1.4.tgz#87b96e772585d3c14678ec500fd20ced243165a0"
  integrity sha512-PLM11cm4jIV5QRSK3QTplqLh2NbFAQhY2DLDHbPRBrFyhnNw0WiZGaOvY6UM8XcN+1VAC/1KiETkIn4ZQrY0hQ==
  dependencies:
    "@exodus/schemasafe" "^1.0.0-rc.6"
    deep-override "^1.0.2"
    form-data-lite "^1.0.2"
    json-query "^2.2.2"
    klona "^2.0.5"
    lightcookie "^1.0.25"
    openapi-fuzzer-core "^1.0.6"
    pactum-matchers "^1.1.0"
    parse-graphql "^1.0.0"
    phin "^3.6.0"
    polka "^0.5.2"

parse-graphql@^1.0.0:
  version "1.0.0"
  resolved "https://registry.npmjs.org/parse-graphql/-/parse-graphql-1.0.0.tgz#4b3a24faaa65000ea804cca7d0c9b41d4313b152"
  integrity sha512-NjvQHHaiPCxPZrhm/kKnorxOv7r/eA+tE0VW5E8iJMH9wTqFA1V0YK/7nbpxVu3JdXUxyWTKMez9lsHUtAwa0w==

phin@^3.6.0:
  version "3.6.1"
  resolved "https://registry.npmjs.org/phin/-/phin-3.6.1.tgz#652f61b3dbb0957bc0413a15ef55dfa4e39c303c"
  integrity sha512-ubcFKk2jRr2WUJEh+QpMkCgOQansJDuIShKbsjpejeyI/aOMLrAf0TaisbMjKwTq9CsypFFJqUaN9ZSRmBJLPw==
  dependencies:
    centra "^2.4.2"

polka@^0.5.2:
  version "0.5.2"
  resolved "https://registry.npmjs.org/polka/-/polka-0.5.2.tgz#588bee0c5806dbc6c64958de3a1251860e9f2e26"
  integrity sha512-FVg3vDmCqP80tOrs+OeNlgXYmFppTXdjD5E7I4ET1NjvtNmQrb1/mJibybKkb/d4NA7YWAr1ojxuhpL3FHqdlw==
  dependencies:
    "@polka/url" "^0.5.0"
    trouter "^2.0.1"

trouter@^2.0.1:
  version "2.0.1"
  resolved "https://registry.npmjs.org/trouter/-/trouter-2.0.1.tgz#2726a5f8558e090d24c3a393f09eaab1df232df6"
  integrity sha512-kr8SKKw94OI+xTGOkfsvwZQ8mWoikZDd2n8XZHjJVZUARZT+4/VV6cacRS6CLsH9bNm+HFIPU1Zx4CnNnb4qlQ==
  dependencies:
    matchit "^1.0.0"
